# THIS IS AN AUTOGENERATED FILE. DO NOT EDIT THIS FILE DIRECTLY.
# yarn lockfile v1


"@babel/generator@^7.12.15":
  version "7.12.15"
  resolved "https://registry.yarnpkg.com/@babel/generator/-/generator-7.12.15.tgz#4617b5d0b25cc572474cc1aafee1edeaf9b5368f"
  integrity sha512-6F2xHxBiFXWNSGb7vyCUTBF8RCLY66rS0zEPcP8t/nQyXjha5EuK4z7H5o7fWG8B4M7y6mqVWq1J+1PuwRhecQ==
  dependencies:
    "@babel/types" "^7.12.13"
    jsesc "^2.5.1"
    source-map "^0.5.0"

"@babel/helper-validator-identifier@^7.12.11":
  version "7.12.11"
  resolved "https://registry.yarnpkg.com/@babel/helper-validator-identifier/-/helper-validator-identifier-7.12.11.tgz#c9a1f021917dcb5ccf0d4e453e399022981fc9ed"
  integrity sha512-np/lG3uARFybkoHokJUmf1QfEvRVCPbmQeUQpKow5cQ3xWrV9i3rUHodKDJPQfTVX61qKi+UdYk8kik84n7XOw==

"@babel/parser@^7.12.16":
  version "7.12.16"
  resolved "https://registry.yarnpkg.com/@babel/parser/-/parser-7.12.16.tgz#cc31257419d2c3189d394081635703f549fc1ed4"
  integrity sha512-c/+u9cqV6F0+4Hpq01jnJO+GLp2DdT63ppz9Xa+6cHaajM9VFzK/iDXiKK65YtpeVwu+ctfS6iqlMqRgQRzeCw==

"@babel/types@^7.12.13":
  version "7.12.13"
  resolved "https://registry.yarnpkg.com/@babel/types/-/types-7.12.13.tgz#8be1aa8f2c876da11a9cf650c0ecf656913ad611"
  integrity sha512-oKrdZTld2im1z8bDwTOQvUbxKwE+854zc16qWZQlcTqMN00pWxHQ4ZeOq0yDMnisOpRykH2/5Qqcrk/OlbAjiQ==
  dependencies:
    "@babel/helper-validator-identifier" "^7.12.11"
    lodash "^4.17.19"
    to-fast-properties "^2.0.0"

"@types/node@^14.14.25":
  version "14.14.25"
  resolved "https://registry.yarnpkg.com/@types/node/-/node-14.14.25.tgz#15967a7b577ff81383f9b888aa6705d43fbbae93"
  integrity sha512-EPpXLOVqDvisVxtlbvzfyqSsFeQxltFbluZNRndIb8tr9KiBnYNLzrc1N3pyKUCww2RNrfHDViqDWWE1LCJQtQ==

jsesc@^2.5.1:
  version "2.5.2"
  resolved "https://registry.yarnpkg.com/jsesc/-/jsesc-2.5.2.tgz#80564d2e483dacf6e8ef209650a67df3f0c283a4"
  integrity sha512-OYu7XEzjkCQ3C5Ps3QIZsQfNpqoJyZZA99wd9aWd05NCtC5pWOkShK2mkL6HXQR6/Cy2lbNdPlZBpuQHXE63gA==

lodash@^4.17.19:
  version "4.17.20"
  resolved "https://registry.yarnpkg.com/lodash/-/lodash-4.17.20.tgz#b44a9b6297bcb698f1c51a3545a2b3b368d59c52"
  integrity sha512-PlhdFcillOINfeV7Ni6oF1TAEayyZBoZ8bcshTHqOYJYlrqzRK5hagpagky5o4HfCzzd1TRkXPMFq6cKk9rGmA==

source-map@^0.5.0:
  version "0.5.7"
  resolved "https://registry.yarnpkg.com/source-map/-/source-map-0.5.7.tgz#8a039d2d1021d22d1ea14c80d8ea468ba2ef3fcc"
  integrity sha1-igOdLRAh0i0eoUyA2OpGi6LvP8w=

to-fast-properties@^2.0.0:
  version "2.0.0"
  resolved "https://registry.yarnpkg.com/to-fast-properties/-/to-fast-properties-2.0.0.tgz#dc5e698cbd079265bc73e0377681a4e4e83f616e"
  integrity sha1-3F5pjL0HkmW8c+A3doGk5Og/YW4=

typescript@^4.1.5:
  version "4.1.5"
  resolved "https://registry.yarnpkg.com/typescript/-/typescript-4.1.5.tgz#123a3b214aaff3be32926f0d8f1f6e704eb89a72"
  integrity sha512-6OSu9PTIzmn9TCDiovULTnET6BgXtDYL4Gg4szY+cGsc3JP1dQL8qvE8kShTRx1NIw4Q9IBHlwODjkjWEtMUyA==
